
Microsoft Visual Studio Solution File, Format Version 12.00
# Visual Studio Version 17
VisualStudioVersion = 17.0.31903.59
MinimumVisualStudioVersion = 10.0.40219.1
Project("{FAE04EC0-301F-11D3-BF4B-00C04F79EFBC}") = "IntroApp", "IntroApp\IntroApp.csproj", "{CD1ACB61-DCF7-4925-A0A2-A0AB335944C5}"
EndProject
Project("{FAE04EC0-301F-11D3-BF4B-00C04F79EFBC}") = "InventoryMgmtApp", "InventoryMgmtApp\InventoryMgmtApp.csproj", "{830BAA03-1BBD-4DC7-8F35-71866E12AA3F}"
EndProject
Global
	GlobalSection(SolutionConfigurationPlatforms) = preSolution
		Debug|Any CPU = Debug|Any CPU
		Debug|x64 = Debug|x64
		Debug|x86 = Debug|x86
		Release|Any CPU = Release|Any CPU
		Release|x64 = Release|x64
		Release|x86 = Release|x86
	EndGlobalSection
	GlobalSection(ProjectConfigurationPlatforms) = postSolution
		{CD1ACB61-DCF7-4925-A0A2-A0AB335944C5}.Debug|Any CPU.ActiveCfg = Debug|Any CPU
		{CD1ACB61-DCF7-4925-A0A2-A0AB335944C5}.Debug|Any CPU.Build.0 = Debug|Any CPU
		{CD1ACB61-DCF7-4925-A0A2-A0AB335944C5}.Debug|x64.ActiveCfg = Debug|Any CPU
		{CD1ACB61-DCF7-4925-A0A2-A0AB335944C5}.Debug|x64.Build.0 = Debug|Any CPU
		{CD1ACB61-DCF7-4925-A0A2-A0AB335944C5}.Debug|x86.ActiveCfg = Debug|Any CPU
		{CD1ACB61-DCF7-4925-A0A2-A0AB335944C5}.Debug|x86.Build.0 = Debug|Any CPU
		{CD1ACB61-DCF7-4925-A0A2-A0AB335944C5}.Release|Any CPU.ActiveCfg = Release|Any CPU
		{CD1ACB61-DCF7-4925-A0A2-A0AB335944C5}.Release|Any CPU.Build.0 = Release|Any CPU
		{CD1ACB61-DCF7-4925-A0A2-A0AB335944C5}.Release|x64.ActiveCfg = Release|Any CPU
		{CD1ACB61-DCF7-4925-A0A2-A0AB335944C5}.Release|x64.Build.0 = Release|Any CPU
		{CD1ACB61-DCF7-4925-A0A2-A0AB335944C5}.Release|x86.ActiveCfg = Release|Any CPU
		{CD1ACB61-DCF7-4925-A0A2-A0AB335944C5}.Release|x86.Build.0 = Release|Any CPU
		{830BAA03-1BBD-4DC7-8F35-71866E12AA3F}.Debug|Any CPU.ActiveCfg = Debug|Any CPU
		{830BAA03-1BBD-4DC7-8F35-71866E12AA3F}.Debug|Any CPU.Build.0 = Debug|Any CPU
		{830BAA03-1BBD-4DC7-8F35-71866E12AA3F}.Debug|x64.ActiveCfg = Debug|Any CPU
		{830BAA03-1BBD-4DC7-8F35-71866E12AA3F}.Debug|x64.Build.0 = Debug|Any CPU
		{830BAA03-1BBD-4DC7-8F35-71866E12AA3F}.Debug|x86.ActiveCfg = Debug|Any CPU
		{830BAA03-1BBD-4DC7-8F35-71866E12AA3F}.Debug|x86.Build.0 = Debug|Any CPU
		{830BAA03-1BBD-4DC7-8F35-71866E12AA3F}.Release|Any CPU.ActiveCfg = Release|Any CPU
		{830BAA03-1BBD-4DC7-8F35-71866E12AA3F}.Release|Any CPU.Build.0 = Release|Any CPU
		{830BAA03-1BBD-4DC7-8F35-71866E12AA3F}.Release|x64.ActiveCfg = Release|Any CPU
		{830BAA03-1BBD-4DC7-8F35-71866E12AA3F}.Release|x64.Build.0 = Release|Any CPU
		{830BAA03-1BBD-4DC7-8F35-71866E12AA3F}.Release|x86.ActiveCfg = Release|Any CPU
		{830BAA03-1BBD-4DC7-8F35-71866E12AA3F}.Release|x86.Build.0 = Release|Any CPU
	EndGlobalSection
	GlobalSection(SolutionProperties) = preSolution
		HideSolutionNode = FALSE
	EndGlobalSection
EndGlobal
